
Microsoft Visual Studio Solution File, Format Version 12.00
# Visual Studio 15
VisualStudioVersion = 15.0.27428.2015
MinimumVisualStudioVersion = 10.0.40219.1
Project("{FAE04EC0-301F-11D3-BF4B-00C04F79EFBC}") = "MultiplicationTable", "MultiplicationTable\MultiplicationTable.csproj", "{425AC3C0-258D-4056-BC22-40D26D4A42F5}"
EndProject
Project("{FAE04EC0-301F-11D3-BF4B-00C04F79EFBC}") = "ArrayElementsMultiplication", "ArrayElementsMultiplication\ArrayElementsMultiplication.csproj", "{FE435894-993D-44FE-A54B-D55B37DA6A96}"
EndProject
Project("{FAE04EC0-301F-11D3-BF4B-00C04F79EFBC}") = "ClosestToLimit", "ClosestToLimit\ClosestToLimit.csproj", "{9170B836-8232-4C08-AD0C-7E9E812FB60B}"
EndProject
Project("{FAE04EC0-301F-11D3-BF4B-00C04F79EFBC}") = "TreeTutorial", "TreeTutorial\TreeTutorial.csproj", "{99B10C68-FEB7-423A-8810-AA619197B2C4}"
EndProject
Project("{FAE04EC0-301F-11D3-BF4B-00C04F79EFBC}") = "PointsOnALine", "PointsOnALine\PointsOnALine.csproj", "{E962885A-F26B-4563-872F-D51CDFF31306}"
EndProject
Project("{FAE04EC0-301F-11D3-BF4B-00C04F79EFBC}") = "LinkedListTutorial", "LinkedListTutorial\LinkedListTutorial.csproj", "{EDDBD442-EF21-476D-9429-015DB889C31C}"
EndProject
Project("{FAE04EC0-301F-11D3-BF4B-00C04F79EFBC}") = "MiniMaxSum", "MiniMaxSum\MiniMaxSum.csproj", "{8B33590B-90B4-4F77-A7D6-E2B0838D95F3}"
EndProject
Project("{FAE04EC0-301F-11D3-BF4B-00C04F79EFBC}") = "DiscardsTutorial", "DiscardsTutorial\DiscardsTutorial.csproj", "{37A10E4B-CD14-43D5-AF1A-D0EE118A69F4}"
EndProject
Project("{FAE04EC0-301F-11D3-BF4B-00C04F79EFBC}") = "ArrayLeftRotation", "ArrayLeftRotation\ArrayLeftRotation.csproj", "{009A81B6-AA81-414B-86E4-7545AE48DA09}"
EndProject
Project("{FAE04EC0-301F-11D3-BF4B-00C04F79EFBC}") = "ShortestPathAlgorithm", "ShortestPathAlgorithm\ShortestPathAlgorithm.csproj", "{9792D0A8-48E5-4BD8-9E91-B77E242BFBD2}"
EndProject
Project("{FAE04EC0-301F-11D3-BF4B-00C04F79EFBC}") = "BubbleSort", "BubbleSort\BubbleSort.csproj", "{8D025B58-F918-46EA-A875-0F2C23436D85}"
EndProject
Project("{FAE04EC0-301F-11D3-BF4B-00C04F79EFBC}") = "GetHashCodeTutorial", "GetHashCodeTutorial\GetHashCodeTutorial.csproj", "{D0BCAB93-32E7-4126-929C-F91DBFEF608B}"
EndProject
Project("{FAE04EC0-301F-11D3-BF4B-00C04F79EFBC}") = "StatisticsBasics", "StatisticsBasics\StatisticsBasics.csproj", "{ADEED12C-387E-4AD7-89DA-972DC3DEF0BC}"
EndProject
Project("{FAE04EC0-301F-11D3-BF4B-00C04F79EFBC}") = "FirstNotRepeatingCharacter", "FirstNotRepeatingCharacter\FirstNotRepeatingCharacter.csproj", "{61E86E84-0597-40AF-845C-3BBD626685E6}"
EndProject
Project("{FAE04EC0-301F-11D3-BF4B-00C04F79EFBC}") = "AllLongestStrings", "AllLongestStrings\AllLongestStrings.csproj", "{DEC94586-F8D3-4F53-ABF4-868D555E6A62}"
EndProject
Project("{FAE04EC0-301F-11D3-BF4B-00C04F79EFBC}") = "Sudoku", "Sudoku\Sudoku.csproj", "{83C8B8F8-9A2C-4F36-959C-08993BC2E581}"
EndProject
Project("{FAE04EC0-301F-11D3-BF4B-00C04F79EFBC}") = "CryptSolution", "CryptSolution\CryptSolution.csproj", "{FA22D618-A76F-4E57-AA61-6CB7B9F823B1}"
EndProject
Project("{FAE04EC0-301F-11D3-BF4B-00C04F79EFBC}") = "CommonCharacterCount", "CommonCharacterCount\CommonCharacterCount.csproj", "{543F2E97-578B-4617-9E1C-903A229C07F5}"
EndProject
Project("{FAE04EC0-301F-11D3-BF4B-00C04F79EFBC}") = "LuckyNumbers", "LuckyNumbers\LuckyNumbers.csproj", "{165F7AAE-284A-48E3-A8D9-5D8A41E4D652}"
EndProject
Project("{FAE04EC0-301F-11D3-BF4B-00C04F79EFBC}") = "ContainsDuplicates", "ContainsDuplicates\ContainsDuplicates.csproj", "{3380BA19-A548-43FA-88AF-9B284C852D91}"
EndProject
Project("{FAE04EC0-301F-11D3-BF4B-00C04F79EFBC}") = "AlternatingSums", "AlternatingSums\AlternatingSums.csproj", "{6D2AD2ED-55BE-44F5-A2BF-A4EB43971520}"
EndProject
Global
	GlobalSection(SolutionConfigurationPlatforms) = preSolution
		Debug|Any CPU = Debug|Any CPU
		Release|Any CPU = Release|Any CPU
	EndGlobalSection
	GlobalSection(ProjectConfigurationPlatforms) = postSolution
		{425AC3C0-258D-4056-BC22-40D26D4A42F5}.Debug|Any CPU.ActiveCfg = Debug|Any CPU
		{425AC3C0-258D-4056-BC22-40D26D4A42F5}.Debug|Any CPU.Build.0 = Debug|Any CPU
		{425AC3C0-258D-4056-BC22-40D26D4A42F5}.Release|Any CPU.ActiveCfg = Release|Any CPU
		{425AC3C0-258D-4056-BC22-40D26D4A42F5}.Release|Any CPU.Build.0 = Release|Any CPU
		{FE435894-993D-44FE-A54B-D55B37DA6A96}.Debug|Any CPU.ActiveCfg = Debug|Any CPU
		{FE435894-993D-44FE-A54B-D55B37DA6A96}.Debug|Any CPU.Build.0 = Debug|Any CPU
		{FE435894-993D-44FE-A54B-D55B37DA6A96}.Release|Any CPU.ActiveCfg = Release|Any CPU
		{FE435894-993D-44FE-A54B-D55B37DA6A96}.Release|Any CPU.Build.0 = Release|Any CPU
		{9170B836-8232-4C08-AD0C-7E9E812FB60B}.Debug|Any CPU.ActiveCfg = Debug|Any CPU
		{9170B836-8232-4C08-AD0C-7E9E812FB60B}.Debug|Any CPU.Build.0 = Debug|Any CPU
		{9170B836-8232-4C08-AD0C-7E9E812FB60B}.Release|Any CPU.ActiveCfg = Release|Any CPU
		{9170B836-8232-4C08-AD0C-7E9E812FB60B}.Release|Any CPU.Build.0 = Release|Any CPU
		{99B10C68-FEB7-423A-8810-AA619197B2C4}.Debug|Any CPU.ActiveCfg = Debug|Any CPU
		{99B10C68-FEB7-423A-8810-AA619197B2C4}.Debug|Any CPU.Build.0 = Debug|Any CPU
		{99B10C68-FEB7-423A-8810-AA619197B2C4}.Release|Any CPU.ActiveCfg = Release|Any CPU
		{99B10C68-FEB7-423A-8810-AA619197B2C4}.Release|Any CPU.Build.0 = Release|Any CPU
		{E962885A-F26B-4563-872F-D51CDFF31306}.Debug|Any CPU.ActiveCfg = Debug|Any CPU
		{E962885A-F26B-4563-872F-D51CDFF31306}.Debug|Any CPU.Build.0 = Debug|Any CPU
		{E962885A-F26B-4563-872F-D51CDFF31306}.Release|Any CPU.ActiveCfg = Release|Any CPU
		{E962885A-F26B-4563-872F-D51CDFF31306}.Release|Any CPU.Build.0 = Release|Any CPU
		{EDDBD442-EF21-476D-9429-015DB889C31C}.Debug|Any CPU.ActiveCfg = Debug|Any CPU
		{EDDBD442-EF21-476D-9429-015DB889C31C}.Debug|Any CPU.Build.0 = Debug|Any CPU
		{EDDBD442-EF21-476D-9429-015DB889C31C}.Release|Any CPU.ActiveCfg = Release|Any CPU
		{EDDBD442-EF21-476D-9429-015DB889C31C}.Release|Any CPU.Build.0 = Release|Any CPU
		{8B33590B-90B4-4F77-A7D6-E2B0838D95F3}.Debug|Any CPU.ActiveCfg = Debug|Any CPU
		{8B33590B-90B4-4F77-A7D6-E2B0838D95F3}.Debug|Any CPU.Build.0 = Debug|Any CPU
		{8B33590B-90B4-4F77-A7D6-E2B0838D95F3}.Release|Any CPU.ActiveCfg = Release|Any CPU
		{8B33590B-90B4-4F77-A7D6-E2B0838D95F3}.Release|Any CPU.Build.0 = Release|Any CPU
		{37A10E4B-CD14-43D5-AF1A-D0EE118A69F4}.Debug|Any CPU.ActiveCfg = Debug|Any CPU
		{37A10E4B-CD14-43D5-AF1A-D0EE118A69F4}.Debug|Any CPU.Build.0 = Debug|Any CPU
		{37A10E4B-CD14-43D5-AF1A-D0EE118A69F4}.Release|Any CPU.ActiveCfg = Release|Any CPU
		{37A10E4B-CD14-43D5-AF1A-D0EE118A69F4}.Release|Any CPU.Build.0 = Release|Any CPU
		{009A81B6-AA81-414B-86E4-7545AE48DA09}.Debug|Any CPU.ActiveCfg = Debug|Any CPU
		{009A81B6-AA81-414B-86E4-7545AE48DA09}.Debug|Any CPU.Build.0 = Debug|Any CPU
		{009A81B6-AA81-414B-86E4-7545AE48DA09}.Release|Any CPU.ActiveCfg = Release|Any CPU
		{009A81B6-AA81-414B-86E4-7545AE48DA09}.Release|Any CPU.Build.0 = Release|Any CPU
		{9792D0A8-48E5-4BD8-9E91-B77E242BFBD2}.Debug|Any CPU.ActiveCfg = Debug|Any CPU
		{9792D0A8-48E5-4BD8-9E91-B77E242BFBD2}.Debug|Any CPU.Build.0 = Debug|Any CPU
		{9792D0A8-48E5-4BD8-9E91-B77E242BFBD2}.Release|Any CPU.ActiveCfg = Release|Any CPU
		{9792D0A8-48E5-4BD8-9E91-B77E242BFBD2}.Release|Any CPU.Build.0 = Release|Any CPU
		{8D025B58-F918-46EA-A875-0F2C23436D85}.Debug|Any CPU.ActiveCfg = Debug|Any CPU
		{8D025B58-F918-46EA-A875-0F2C23436D85}.Debug|Any CPU.Build.0 = Debug|Any CPU
		{8D025B58-F918-46EA-A875-0F2C23436D85}.Release|Any CPU.ActiveCfg = Release|Any CPU
		{8D025B58-F918-46EA-A875-0F2C23436D85}.Release|Any CPU.Build.0 = Release|Any CPU
		{D0BCAB93-32E7-4126-929C-F91DBFEF608B}.Debug|Any CPU.ActiveCfg = Debug|Any CPU
		{D0BCAB93-32E7-4126-929C-F91DBFEF608B}.Debug|Any CPU.Build.0 = Debug|Any CPU
		{D0BCAB93-32E7-4126-929C-F91DBFEF608B}.Release|Any CPU.ActiveCfg = Release|Any CPU
		{D0BCAB93-32E7-4126-929C-F91DBFEF608B}.Release|Any CPU.Build.0 = Release|Any CPU
		{ADEED12C-387E-4AD7-89DA-972DC3DEF0BC}.Debug|Any CPU.ActiveCfg = Debug|Any CPU
		{ADEED12C-387E-4AD7-89DA-972DC3DEF0BC}.Debug|Any CPU.Build.0 = Debug|Any CPU
		{ADEED12C-387E-4AD7-89DA-972DC3DEF0BC}.Release|Any CPU.ActiveCfg = Release|Any CPU
		{ADEED12C-387E-4AD7-89DA-972DC3DEF0BC}.Release|Any CPU.Build.0 = Release|Any CPU
		{61E86E84-0597-40AF-845C-3BBD626685E6}.Debug|Any CPU.ActiveCfg = Debug|Any CPU
		{61E86E84-0597-40AF-845C-3BBD626685E6}.Debug|Any CPU.Build.0 = Debug|Any CPU
		{61E86E84-0597-40AF-845C-3BBD626685E6}.Release|Any CPU.ActiveCfg = Release|Any CPU
		{61E86E84-0597-40AF-845C-3BBD626685E6}.Release|Any CPU.Build.0 = Release|Any CPU
		{DEC94586-F8D3-4F53-ABF4-868D555E6A62}.Debug|Any CPU.ActiveCfg = Debug|Any CPU
		{DEC94586-F8D3-4F53-ABF4-868D555E6A62}.Debug|Any CPU.Build.0 = Debug|Any CPU
		{DEC94586-F8D3-4F53-ABF4-868D555E6A62}.Release|Any CPU.ActiveCfg = Release|Any CPU
		{DEC94586-F8D3-4F53-ABF4-868D555E6A62}.Release|Any CPU.Build.0 = Release|Any CPU
		{83C8B8F8-9A2C-4F36-959C-08993BC2E581}.Debug|Any CPU.ActiveCfg = Debug|Any CPU
		{83C8B8F8-9A2C-4F36-959C-08993BC2E581}.Debug|Any CPU.Build.0 = Debug|Any CPU
		{83C8B8F8-9A2C-4F36-959C-08993BC2E581}.Release|Any CPU.ActiveCfg = Release|Any CPU
		{83C8B8F8-9A2C-4F36-959C-08993BC2E581}.Release|Any CPU.Build.0 = Release|Any CPU
		{FA22D618-A76F-4E57-AA61-6CB7B9F823B1}.Debug|Any CPU.ActiveCfg = Debug|Any CPU
		{FA22D618-A76F-4E57-AA61-6CB7B9F823B1}.Debug|Any CPU.Build.0 = Debug|Any CPU
		{FA22D618-A76F-4E57-AA61-6CB7B9F823B1}.Release|Any CPU.ActiveCfg = Release|Any CPU
		{FA22D618-A76F-4E57-AA61-6CB7B9F823B1}.Release|Any CPU.Build.0 = Release|Any CPU
		{543F2E97-578B-4617-9E1C-903A229C07F5}.Debug|Any CPU.ActiveCfg = Debug|Any CPU
		{543F2E97-578B-4617-9E1C-903A229C07F5}.Debug|Any CPU.Build.0 = Debug|Any CPU
		{543F2E97-578B-4617-9E1C-903A229C07F5}.Release|Any CPU.ActiveCfg = Release|Any CPU
		{543F2E97-578B-4617-9E1C-903A229C07F5}.Release|Any CPU.Build.0 = Release|Any CPU
		{165F7AAE-284A-48E3-A8D9-5D8A41E4D652}.Debug|Any CPU.ActiveCfg = Debug|Any CPU
		{165F7AAE-284A-48E3-A8D9-5D8A41E4D652}.Debug|Any CPU.Build.0 = Debug|Any CPU
		{165F7AAE-284A-48E3-A8D9-5D8A41E4D652}.Release|Any CPU.ActiveCfg = Release|Any CPU
		{165F7AAE-284A-48E3-A8D9-5D8A41E4D652}.Release|Any CPU.Build.0 = Release|Any CPU
		{3380BA19-A548-43FA-88AF-9B284C852D91}.Debug|Any CPU.ActiveCfg = Debug|Any CPU
		{3380BA19-A548-43FA-88AF-9B284C852D91}.Debug|Any CPU.Build.0 = Debug|Any CPU
		{3380BA19-A548-43FA-88AF-9B284C852D91}.Release|Any CPU.ActiveCfg = Release|Any CPU
		{3380BA19-A548-43FA-88AF-9B284C852D91}.Release|Any CPU.Build.0 = Release|Any CPU
		{6D2AD2ED-55BE-44F5-A2BF-A4EB43971520}.Debug|Any CPU.ActiveCfg = Debug|Any CPU
		{6D2AD2ED-55BE-44F5-A2BF-A4EB43971520}.Debug|Any CPU.Build.0 = Debug|Any CPU
		{6D2AD2ED-55BE-44F5-A2BF-A4EB43971520}.Release|Any CPU.ActiveCfg = Release|Any CPU
		{6D2AD2ED-55BE-44F5-A2BF-A4EB43971520}.Release|Any CPU.Build.0 = Release|Any CPU
	EndGlobalSection
	GlobalSection(SolutionProperties) = preSolution
		HideSolutionNode = FALSE
	EndGlobalSection
	GlobalSection(ExtensibilityGlobals) = postSolution
		SolutionGuid = {73141A29-CF60-4996-909C-1C53EF789FC0}
	EndGlobalSection
EndGlobal
